
Microsoft Visual Studio Solution File, Format Version 12.00
# Visual Studio Version 16
VisualStudioVersion = 16.0.29025.244
MinimumVisualStudioVersion = 10.0.40219.1
Project("{FAE04EC0-301F-11D3-BF4B-00C04F79EFBC}") = "RivalAI", "RivalAI.csproj", "{9AD73EA2-AA3C-4CA0-A03A-A203508AE034}"
EndProject
Global
	GlobalSection(SolutionConfigurationPlatforms) = preSolution
		Debug|Any CPU = Debug|Any CPU
		Release|Any CPU = Release|Any CPU
	EndGlobalSection
	GlobalSection(ProjectConfigurationPlatforms) = postSolution
		{9AD73EA2-AA3C-4CA0-A03A-A203508AE034}.Debug|Any CPU.ActiveCfg = Debug|Any CPU
		{9AD73EA2-AA3C-4CA0-A03A-A203508AE034}.Debug|Any CPU.Build.0 = Debug|Any CPU
		{9AD73EA2-AA3C-4CA0-A03A-A203508AE034}.Release|Any CPU.ActiveCfg = Release|Any CPU
		{9AD73EA2-AA3C-4CA0-A03A-A203508AE034}.Release|Any CPU.Build.0 = Release|Any CPU
	EndGlobalSection
	GlobalSection(SolutionProperties) = preSolution
		HideSolutionNode = FALSE
	EndGlobalSection
	GlobalSection(ExtensibilityGlobals) = postSolution
		SolutionGuid = {CBC9CB58-0945-4473-94FA-DE8E998B181C}
	EndGlobalSection
EndGlobal
